
Microsoft Visual Studio Solution File, Format Version 12.00
# Visual Studio Version 17
VisualStudioVersion = 17.14.36414.22
MinimumVisualStudioVersion = 10.0.40219.1
Project("{2150E333-8FDC-42A3-9474-1A3956D46DE8}") = "Task0", "Task0", "{02EA681E-C7D8-13C7-8484-4AC65E1B71E8}"
EndProject
Project("{FAE04EC0-301F-11D3-BF4B-00C04F79EFBC}") = "Tyuiu.BabenkovTO.Sprint1.Task0.V24", "Tyuiu.BabenkovTO.Sprint1.Task0.V24\Tyuiu.BabenkovTO.Sprint1.Task0.V24.csproj", "{814F83FE-D961-4433-9D91-A1B79DC2DD1A}"
EndProject
Project("{FAE04EC0-301F-11D3-BF4B-00C04F79EFBC}") = "Tyuiu.BabenkovTO.Sprint1.Task0.V24.Lib", "Tyuiu.BabenkovTO.Sprint1.Task0.V24.Lib\Tyuiu.BabenkovTO.Sprint1.Task0.V24.Lib.csproj", "{F69A69CB-6EA2-42AC-A06A-F6A366859F71}"
EndProject
Project("{FAE04EC0-301F-11D3-BF4B-00C04F79EFBC}") = "Tyuiu.BabenkovTO.Sprint1.Task0.V24.Test", "Tyuiu.BabenkovTO.Sprint1.Task0.V24.Test\Tyuiu.BabenkovTO.Sprint1.Task0.V24.Test.csproj", "{408C8FB2-AF34-4170-94F2-58C89F6FC66E}"
EndProject
Project("{2150E333-8FDC-42A3-9474-1A3956D46DE8}") = "Task1", "Task1", "{094C7EC6-F980-40F8-87BD-BC7BF97A8AF2}"
EndProject
Project("{FAE04EC0-301F-11D3-BF4B-00C04F79EFBC}") = "Tyuiu.BabenkovTO.Sprint1.Task1.V28", "Tyuiu.BabenkovTO.Sprint1.Task1.V28\Tyuiu.BabenkovTO.Sprint1.Task1.V28.csproj", "{91CA1753-ADB5-46DA-85AD-76B4D6AC49AA}"
EndProject
Project("{FAE04EC0-301F-11D3-BF4B-00C04F79EFBC}") = "Tyuiu.BabenkovTO.Sprint1.Task1.V28.Lib", "Tyuiu.BabenkovTO.Sprint1.Task1.V28.Lib\Tyuiu.BabenkovTO.Sprint1.Task1.V28.Lib.csproj", "{6819302B-0F60-4179-BFD6-71C63CA7BE67}"
EndProject
Project("{FAE04EC0-301F-11D3-BF4B-00C04F79EFBC}") = "Tyuiu.BabenkovTO.Sprint1.Task1.V28.Test", "Tyuiu.BabenkovTO.Sprint1.Task1.V28.Test\Tyuiu.BabenkovTO.Sprint1.Task1.V28.Test.csproj", "{5ECC5F2F-EA25-4AB4-A056-502EADD70C9F}"
EndProject
Project("{2150E333-8FDC-42A3-9474-1A3956D46DE8}") = "Task2", "Task2", "{A22DC425-7696-44E5-88E8-0D61CA927616}"
EndProject
Project("{FAE04EC0-301F-11D3-BF4B-00C04F79EFBC}") = "Tyuiu.BabenkovTO.Sprint1.Task2.V23", "Tyuiu.BabenkovTO.Sprint1.Task2.V23\Tyuiu.BabenkovTO.Sprint1.Task2.V23.csproj", "{21A6C120-19FA-4804-9650-D3F1430BB5A4}"
EndProject
Project("{FAE04EC0-301F-11D3-BF4B-00C04F79EFBC}") = "Tyuiu.BabenkovTO.Sprint1.Task2.V23.Lib", "Tyuiu.BabenkovTO.Sprint1.Task2.V23.Lib\Tyuiu.BabenkovTO.Sprint1.Task2.V23.Lib.csproj", "{FEB646E2-AA0C-4DF7-AD1D-5BD5AE59F8C3}"
EndProject
Project("{FAE04EC0-301F-11D3-BF4B-00C04F79EFBC}") = "Tyuiu.BabenkovTO.Sprint1.Task2.V23.Test", "Tyuiu.BabenkovTO.Sprint1.Task2.V23.Test\Tyuiu.BabenkovTO.Sprint1.Task2.V23.Test.csproj", "{F5FA0D92-3B16-4D09-A98D-9716DF5FF0C7}"
EndProject
Project("{2150E333-8FDC-42A3-9474-1A3956D46DE8}") = "Task3", "Task3", "{C1DA7C48-80C7-4DF5-AA3B-C68C5AAE234E}"
EndProject
Project("{FAE04EC0-301F-11D3-BF4B-00C04F79EFBC}") = "Tyuiu.BabenkovTO.Sprint1.Task3.V11", "Tyuiu.BabenkovTO.Sprint1.Task3.V11\Tyuiu.BabenkovTO.Sprint1.Task3.V11.csproj", "{CA46BB68-6ED6-4E2F-95CB-FCD3990FB7A3}"
EndProject
Project("{FAE04EC0-301F-11D3-BF4B-00C04F79EFBC}") = "Tyuiu.BabenkovTO.Sprint1.Task3.V11.Lib", "Tyuiu.BabenkovTO.Sprint1.Task3.V11.Lib\Tyuiu.BabenkovTO.Sprint1.Task3.V11.Lib.csproj", "{A5ECBCCB-7DCC-4FD9-BF1B-451FDA62C69F}"
EndProject
Project("{FAE04EC0-301F-11D3-BF4B-00C04F79EFBC}") = "Tyuiu.BabenkovTO.Sprint1.Task3.V11.Test", "Tyuiu.BabenkovTO.Sprint1.Task3.V11.Test\Tyuiu.BabenkovTO.Sprint1.Task3.V11.Test.csproj", "{5912E5E1-D643-4D77-A0CF-B1AAD1E021BD}"
EndProject
Project("{2150E333-8FDC-42A3-9474-1A3956D46DE8}") = "Task4", "Task4", "{9BF196AC-755C-4511-A0D7-EF5B05D1BB4E}"
EndProject
Project("{FAE04EC0-301F-11D3-BF4B-00C04F79EFBC}") = "Tyuiu.BabenkovTO.Sprint1.Task4.V3", "Tyuiu.BabenkovTO.Sprint1.Task4.V3\Tyuiu.BabenkovTO.Sprint1.Task4.V3.csproj", "{FA71BCC7-ED3A-47B6-BCD4-5A0757CA6639}"
EndProject
Project("{FAE04EC0-301F-11D3-BF4B-00C04F79EFBC}") = "Tyuiu.BabenkovTO.Sprint1.Task4.V3.Lib", "Tyuiu.BabenkovTO.Sprint1.Task4.V3.Lib\Tyuiu.BabenkovTO.Sprint1.Task4.V3.Lib.csproj", "{BD90920D-29DB-44C2-B48C-C63E01FBC48B}"
EndProject
Project("{FAE04EC0-301F-11D3-BF4B-00C04F79EFBC}") = "Tyuiu.BabenkovTO.Sprint1.Task4.V3.Test", "Tyuiu.BabenkovTO.Sprint1.Task4.V3.Test\Tyuiu.BabenkovTO.Sprint1.Task4.V3.Test.csproj", "{B40332C7-01A5-45B5-A37C-C43DDC7CB0D3}"
EndProject
Global
	GlobalSection(SolutionConfigurationPlatforms) = preSolution
		Debug|Any CPU = Debug|Any CPU
		Release|Any CPU = Release|Any CPU
	EndGlobalSection
	GlobalSection(ProjectConfigurationPlatforms) = postSolution
		{814F83FE-D961-4433-9D91-A1B79DC2DD1A}.Debug|Any CPU.ActiveCfg = Debug|Any CPU
		{814F83FE-D961-4433-9D91-A1B79DC2DD1A}.Debug|Any CPU.Build.0 = Debug|Any CPU
		{814F83FE-D961-4433-9D91-A1B79DC2DD1A}.Release|Any CPU.ActiveCfg = Release|Any CPU
		{814F83FE-D961-4433-9D91-A1B79DC2DD1A}.Release|Any CPU.Build.0 = Release|Any CPU
		{F69A69CB-6EA2-42AC-A06A-F6A366859F71}.Debug|Any CPU.ActiveCfg = Debug|Any CPU
		{F69A69CB-6EA2-42AC-A06A-F6A366859F71}.Debug|Any CPU.Build.0 = Debug|Any CPU
		{F69A69CB-6EA2-42AC-A06A-F6A366859F71}.Release|Any CPU.ActiveCfg = Release|Any CPU
		{F69A69CB-6EA2-42AC-A06A-F6A366859F71}.Release|Any CPU.Build.0 = Release|Any CPU
		{408C8FB2-AF34-4170-94F2-58C89F6FC66E}.Debug|Any CPU.ActiveCfg = Debug|Any CPU
		{408C8FB2-AF34-4170-94F2-58C89F6FC66E}.Debug|Any CPU.Build.0 = Debug|Any CPU
		{408C8FB2-AF34-4170-94F2-58C89F6FC66E}.Release|Any CPU.ActiveCfg = Release|Any CPU
		{408C8FB2-AF34-4170-94F2-58C89F6FC66E}.Release|Any CPU.Build.0 = Release|Any CPU
		{91CA1753-ADB5-46DA-85AD-76B4D6AC49AA}.Debug|Any CPU.ActiveCfg = Debug|Any CPU
		{91CA1753-ADB5-46DA-85AD-76B4D6AC49AA}.Debug|Any CPU.Build.0 = Debug|Any CPU
		{91CA1753-ADB5-46DA-85AD-76B4D6AC49AA}.Release|Any CPU.ActiveCfg = Release|Any CPU
		{91CA1753-ADB5-46DA-85AD-76B4D6AC49AA}.Release|Any CPU.Build.0 = Release|Any CPU
		{6819302B-0F60-4179-BFD6-71C63CA7BE67}.Debug|Any CPU.ActiveCfg = Debug|Any CPU
		{6819302B-0F60-4179-BFD6-71C63CA7BE67}.Debug|Any CPU.Build.0 = Debug|Any CPU
		{6819302B-0F60-4179-BFD6-71C63CA7BE67}.Release|Any CPU.ActiveCfg = Release|Any CPU
		{6819302B-0F60-4179-BFD6-71C63CA7BE67}.Release|Any CPU.Build.0 = Release|Any CPU
		{5ECC5F2F-EA25-4AB4-A056-502EADD70C9F}.Debug|Any CPU.ActiveCfg = Debug|Any CPU
		{5ECC5F2F-EA25-4AB4-A056-502EADD70C9F}.Debug|Any CPU.Build.0 = Debug|Any CPU
		{5ECC5F2F-EA25-4AB4-A056-502EADD70C9F}.Release|Any CPU.ActiveCfg = Release|Any CPU
		{5ECC5F2F-EA25-4AB4-A056-502EADD70C9F}.Release|Any CPU.Build.0 = Release|Any CPU
		{21A6C120-19FA-4804-9650-D3F1430BB5A4}.Debug|Any CPU.ActiveCfg = Debug|Any CPU
		{21A6C120-19FA-4804-9650-D3F1430BB5A4}.Debug|Any CPU.Build.0 = Debug|Any CPU
		{21A6C120-19FA-4804-9650-D3F1430BB5A4}.Release|Any CPU.ActiveCfg = Release|Any CPU
		{21A6C120-19FA-4804-9650-D3F1430BB5A4}.Release|Any CPU.Build.0 = Release|Any CPU
		{FEB646E2-AA0C-4DF7-AD1D-5BD5AE59F8C3}.Debug|Any CPU.ActiveCfg = Debug|Any CPU
		{FEB646E2-AA0C-4DF7-AD1D-5BD5AE59F8C3}.Debug|Any CPU.Build.0 = Debug|Any CPU
		{FEB646E2-AA0C-4DF7-AD1D-5BD5AE59F8C3}.Release|Any CPU.ActiveCfg = Release|Any CPU
		{FEB646E2-AA0C-4DF7-AD1D-5BD5AE59F8C3}.Release|Any CPU.Build.0 = Release|Any CPU
		{F5FA0D92-3B16-4D09-A98D-9716DF5FF0C7}.Debug|Any CPU.ActiveCfg = Debug|Any CPU
		{F5FA0D92-3B16-4D09-A98D-9716DF5FF0C7}.Debug|Any CPU.Build.0 = Debug|Any CPU
		{F5FA0D92-3B16-4D09-A98D-9716DF5FF0C7}.Release|Any CPU.ActiveCfg = Release|Any CPU
		{F5FA0D92-3B16-4D09-A98D-9716DF5FF0C7}.Release|Any CPU.Build.0 = Release|Any CPU
		{CA46BB68-6ED6-4E2F-95CB-FCD3990FB7A3}.Debug|Any CPU.ActiveCfg = Debug|Any CPU
		{CA46BB68-6ED6-4E2F-95CB-FCD3990FB7A3}.Debug|Any CPU.Build.0 = Debug|Any CPU
		{CA46BB68-6ED6-4E2F-95CB-FCD3990FB7A3}.Release|Any CPU.ActiveCfg = Release|Any CPU
		{CA46BB68-6ED6-4E2F-95CB-FCD3990FB7A3}.Release|Any CPU.Build.0 = Release|Any CPU
		{A5ECBCCB-7DCC-4FD9-BF1B-451FDA62C69F}.Debug|Any CPU.ActiveCfg = Debug|Any CPU
		{A5ECBCCB-7DCC-4FD9-BF1B-451FDA62C69F}.Debug|Any CPU.Build.0 = Debug|Any CPU
		{A5ECBCCB-7DCC-4FD9-BF1B-451FDA62C69F}.Release|Any CPU.ActiveCfg = Release|Any CPU
		{A5ECBCCB-7DCC-4FD9-BF1B-451FDA62C69F}.Release|Any CPU.Build.0 = Release|Any CPU
		{5912E5E1-D643-4D77-A0CF-B1AAD1E021BD}.Debug|Any CPU.ActiveCfg = Debug|Any CPU
		{5912E5E1-D643-4D77-A0CF-B1AAD1E021BD}.Debug|Any CPU.Build.0 = Debug|Any CPU
		{5912E5E1-D643-4D77-A0CF-B1AAD1E021BD}.Release|Any CPU.ActiveCfg = Release|Any CPU
		{5912E5E1-D643-4D77-A0CF-B1AAD1E021BD}.Release|Any CPU.Build.0 = Release|Any CPU
		{FA71BCC7-ED3A-47B6-BCD4-5A0757CA6639}.Debug|Any CPU.ActiveCfg = Debug|Any CPU
		{FA71BCC7-ED3A-47B6-BCD4-5A0757CA6639}.Debug|Any CPU.Build.0 = Debug|Any CPU
		{FA71BCC7-ED3A-47B6-BCD4-5A0757CA6639}.Release|Any CPU.ActiveCfg = Release|Any CPU
		{FA71BCC7-ED3A-47B6-BCD4-5A0757CA6639}.Release|Any CPU.Build.0 = Release|Any CPU
		{BD90920D-29DB-44C2-B48C-C63E01FBC48B}.Debug|Any CPU.ActiveCfg = Debug|Any CPU
		{BD90920D-29DB-44C2-B48C-C63E01FBC48B}.Debug|Any CPU.Build.0 = Debug|Any CPU
		{BD90920D-29DB-44C2-B48C-C63E01FBC48B}.Release|Any CPU.ActiveCfg = Release|Any CPU
		{BD90920D-29DB-44C2-B48C-C63E01FBC48B}.Release|Any CPU.Build.0 = Release|Any CPU
		{B40332C7-01A5-45B5-A37C-C43DDC7CB0D3}.Debug|Any CPU.ActiveCfg = Debug|Any CPU
		{B40332C7-01A5-45B5-A37C-C43DDC7CB0D3}.Debug|Any CPU.Build.0 = Debug|Any CPU
		{B40332C7-01A5-45B5-A37C-C43DDC7CB0D3}.Release|Any CPU.ActiveCfg = Release|Any CPU
		{B40332C7-01A5-45B5-A37C-C43DDC7CB0D3}.Release|Any CPU.Build.0 = Release|Any CPU
	EndGlobalSection
	GlobalSection(SolutionProperties) = preSolution
		HideSolutionNode = FALSE
	EndGlobalSection
	GlobalSection(NestedProjects) = preSolution
		{814F83FE-D961-4433-9D91-A1B79DC2DD1A} = {02EA681E-C7D8-13C7-8484-4AC65E1B71E8}
		{F69A69CB-6EA2-42AC-A06A-F6A366859F71} = {02EA681E-C7D8-13C7-8484-4AC65E1B71E8}
		{408C8FB2-AF34-4170-94F2-58C89F6FC66E} = {02EA681E-C7D8-13C7-8484-4AC65E1B71E8}
		{91CA1753-ADB5-46DA-85AD-76B4D6AC49AA} = {094C7EC6-F980-40F8-87BD-BC7BF97A8AF2}
		{6819302B-0F60-4179-BFD6-71C63CA7BE67} = {094C7EC6-F980-40F8-87BD-BC7BF97A8AF2}
		{5ECC5F2F-EA25-4AB4-A056-502EADD70C9F} = {094C7EC6-F980-40F8-87BD-BC7BF97A8AF2}
		{21A6C120-19FA-4804-9650-D3F1430BB5A4} = {A22DC425-7696-44E5-88E8-0D61CA927616}
		{FEB646E2-AA0C-4DF7-AD1D-5BD5AE59F8C3} = {A22DC425-7696-44E5-88E8-0D61CA927616}
		{F5FA0D92-3B16-4D09-A98D-9716DF5FF0C7} = {A22DC425-7696-44E5-88E8-0D61CA927616}
		{CA46BB68-6ED6-4E2F-95CB-FCD3990FB7A3} = {C1DA7C48-80C7-4DF5-AA3B-C68C5AAE234E}
		{A5ECBCCB-7DCC-4FD9-BF1B-451FDA62C69F} = {C1DA7C48-80C7-4DF5-AA3B-C68C5AAE234E}
		{5912E5E1-D643-4D77-A0CF-B1AAD1E021BD} = {C1DA7C48-80C7-4DF5-AA3B-C68C5AAE234E}
		{FA71BCC7-ED3A-47B6-BCD4-5A0757CA6639} = {9BF196AC-755C-4511-A0D7-EF5B05D1BB4E}
		{BD90920D-29DB-44C2-B48C-C63E01FBC48B} = {9BF196AC-755C-4511-A0D7-EF5B05D1BB4E}
		{B40332C7-01A5-45B5-A37C-C43DDC7CB0D3} = {9BF196AC-755C-4511-A0D7-EF5B05D1BB4E}
	EndGlobalSection
	GlobalSection(ExtensibilityGlobals) = postSolution
		SolutionGuid = {71B78308-794D-431D-90FA-D469BFAD3544}
	EndGlobalSection
EndGlobal
